<?xml version="1.0" encoding="utf-8"?>
<Project ToolsVersion="4.0" xmlns="http://schemas.microsoft.com/developer/msbuild/2003">
  <ItemGroup>
    <ClCompile Include="GodotLibrary.cpp" />
    <ClCompile Include="AudioEffect.cpp" />
    <ClCompile Include="BatAI.cpp" />
    <ClCompile Include="Bullet.cpp" />
    <ClCompile Include="CameraController.cpp" />
    <ClCompile Include="Enemies.cpp" />
    <ClCompile Include="Enemy.cpp" />
    <ClCompile Include="EnemyAIContext.cpp" />
    <ClCompile Include="EnemyData.cpp" />
    <ClCompile Include="EnemySideChecker.cpp" />
    <ClCompile Include="ExitHandler.cpp" />
    <ClCompile Include="FadeAnimation.cpp" />
    <ClCompile Include="FlowerAI.cpp" />
    <ClCompile Include="InputReviveManager.cpp" />
    <ClCompile Include="Item.cpp" />
    <ClCompile Include="ItemGenerator.cpp" />
    <ClCompile Include="ItemsContainer.cpp" />
    <ClCompile Include="MenuButtons.cpp" />
    <ClCompile Include="ParticlesDestroyer.cpp" />
    <ClCompile Include="Player1.cpp" />
    <ClCompile Include="Player2.cpp" />
    <ClCompile Include="PlayerController.cpp" />
    <ClCompile Include="PlayerData.cpp" />
    <ClCompile Include="PlayersContainer.cpp" />
    <ClCompile Include="Preloader.cpp" />
    <ClCompile Include="ProducePlayer1.cpp" />
    <ClCompile Include="ProducePlayer2.cpp" />
    <ClCompile Include="ReviveZone.cpp" />
    <ClCompile Include="RoomStats.cpp" />
    <ClCompile Include="SlimeAI.cpp" />
    <ClCompile Include="SpawnEnemyController.cpp" />
    <ClCompile Include="SpiderAI.cpp" />
    <ClCompile Include="Spike.cpp" />
    <ClCompile Include="StatueMeleeAI.cpp" />
    <ClCompile Include="StatueShootAI.cpp" />
    <ClCompile Include="Sword.cpp" />
  </ItemGroup>
  <ItemGroup>
    <ClInclude Include="AudioEffect.h" />
    <ClInclude Include="BatAI.h" />
    <ClInclude Include="Bullet.h" />
    <ClInclude Include="CameraController.h" />
    <ClInclude Include="CustomExtensions.h" />
    <ClInclude Include="Enemies.h" />
    <ClInclude Include="Enemy.h" />
    <ClInclude Include="EnemyData.h" />
    <ClInclude Include="EnemySideChecker.h" />
    <ClInclude Include="ExitHandler.h" />
    <ClInclude Include="FadeAnimation.h" />
    <ClInclude Include="FlowerAI.h" />
    <ClInclude Include="headers.h" />
    <ClInclude Include="InputReviveManager.h" />
    <ClInclude Include="IPlayer.h" />
    <ClInclude Include="Item.h" />
    <ClInclude Include="ItemGenerator.h" />
    <ClInclude Include="ItemsContainer.h" />
    <ClInclude Include="MenuButtons.h" />
    <ClInclude Include="ParticlesDestroyer.h" />
    <ClInclude Include="Player1.h" />
    <ClInclude Include="Player2.h" />
    <ClInclude Include="PlayerController.h" />
    <ClInclude Include="PlayerData.h" />
    <ClInclude Include="PlayerProduce.h" />
    <ClInclude Include="PlayersContainer.h" />
    <ClInclude Include="Preloader.h" />
    <ClInclude Include="ProducePlayer1.h" />
    <ClInclude Include="ProducePlayer2.h" />
    <ClInclude Include="ReviveZone.h" />
    <ClInclude Include="RoomStats.h" />
    <ClInclude Include="SlimeAI.h" />
    <ClInclude Include="SpawnEnemyController.h" />
    <ClInclude Include="SpiderAI.h" />
    <ClInclude Include="Spike.h" />
    <ClInclude Include="StatueMeleeAI.h" />
    <ClInclude Include="StatueShootAI.h" />
    <ClInclude Include="Sword.h" />
    <ClInclude Include="AudioEffect.h" />
    <ClInclude Include="MenuButtons.h" />
    <ClInclude Include="ParticlesDestroyer.h" />
    <ClInclude Include="ExitHandler.h" />
    <ClInclude Include="Preloader.h" />
  </ItemGroup>
</Project>