<?xml version="1.0" encoding="utf-8"?>
<Project ToolsVersion="4.0" xmlns="http://schemas.microsoft.com/developer/msbuild/2003">
  <ItemGroup>
    <ClCompile Include="GodotLibrary.cpp" />
    <ClCompile Include="PlayerShoot.cpp">
      <Filter>Players</Filter>
    </ClCompile>
    <ClCompile Include="PlayerMelee.cpp">
      <Filter>Players</Filter>
    </ClCompile>
    <ClCompile Include="PlayerController.cpp">
      <Filter>Players</Filter>
    </ClCompile>
    <ClCompile Include="PlayerData.cpp">
      <Filter>Players</Filter>
    </ClCompile>
    <ClCompile Include="PlayersContainer.cpp">
      <Filter>Players</Filter>
    </ClCompile>
    <ClCompile Include="ProducePlayerShoot.cpp">
      <Filter>Players</Filter>
    </ClCompile>
    <ClCompile Include="ProducePlayerMelee.cpp">
      <Filter>Players</Filter>
    </ClCompile>
    <ClCompile Include="BatAI.cpp">
      <Filter>Enemies</Filter>
    </ClCompile>
    <ClCompile Include="Enemies.cpp">
      <Filter>Enemies</Filter>
    </ClCompile>
    <ClCompile Include="Enemy.cpp">
      <Filter>Enemies</Filter>
    </ClCompile>
    <ClCompile Include="EnemyAIContext.cpp">
      <Filter>Enemies</Filter>
    </ClCompile>
    <ClCompile Include="EnemyData.cpp">
      <Filter>Enemies</Filter>
    </ClCompile>
    <ClCompile Include="FlowerAI.cpp">
      <Filter>Enemies</Filter>
    </ClCompile>
    <ClCompile Include="SlimeAI.cpp">
      <Filter>Enemies</Filter>
    </ClCompile>
    <ClCompile Include="SpiderAI.cpp">
      <Filter>Enemies</Filter>
    </ClCompile>
    <ClCompile Include="StatueMeleeAI.cpp">
      <Filter>Enemies</Filter>
    </ClCompile>
    <ClCompile Include="StatueShootAI.cpp">
      <Filter>Enemies</Filter>
    </ClCompile>
    <ClCompile Include="FadeAnimation.cpp">
      <Filter>UI</Filter>
    </ClCompile>
    <ClCompile Include="MenuButtons.cpp">
      <Filter>UI</Filter>
    </ClCompile>
    <ClCompile Include="Preloader.cpp">
      <Filter>UI</Filter>
    </ClCompile>
    <ClCompile Include="Bullet.cpp">
      <Filter>Ammo</Filter>
    </ClCompile>
    <ClCompile Include="Sword.cpp">
      <Filter>Ammo</Filter>
    </ClCompile>
    <ClCompile Include="Item.cpp">
      <Filter>Items</Filter>
    </ClCompile>
    <ClCompile Include="ItemGenerator.cpp">
      <Filter>Items</Filter>
    </ClCompile>
    <ClCompile Include="ItemsContainer.cpp">
      <Filter>Items</Filter>
    </ClCompile>
    <ClCompile Include="ReviveZone.cpp">
      <Filter>Revive</Filter>
    </ClCompile>
    <ClCompile Include="InputReviveManager.cpp">
      <Filter>Revive</Filter>
    </ClCompile>
    <ClCompile Include="Spike.cpp">
      <Filter>Enemies</Filter>
    </ClCompile>
    <ClCompile Include="CameraController.cpp">
      <Filter>Level</Filter>
    </ClCompile>
    <ClCompile Include="ExitHandler.cpp">
      <Filter>Level</Filter>
    </ClCompile>
    <ClCompile Include="ParticlesDestroyer.cpp">
      <Filter>Level</Filter>
    </ClCompile>
    <ClCompile Include="RoomStats.cpp">
      <Filter>Level</Filter>
    </ClCompile>
    <ClCompile Include="SpawnEnemyController.cpp">
      <Filter>Level</Filter>
    </ClCompile>
    <ClCompile Include="AudioEffect.cpp">
      <Filter>Audio</Filter>
    </ClCompile>
    <ClCompile Include="Room.cpp">
      <Filter>Genetation</Filter>
    </ClCompile>
    <ClCompile Include="LevelGenerator.cpp">
      <Filter>Genetation</Filter>
    </ClCompile>
    <ClCompile Include="AudioController.cpp">
      <Filter>Audio</Filter>
    </ClCompile>
    <ClCompile Include="BigStone.cpp">
      <Filter>Level</Filter>
    </ClCompile>
    <ClCompile Include="Key.cpp">
      <Filter>Level</Filter>
    </ClCompile>
    <ClCompile Include="EnemyPrice.cpp">
      <Filter>Enemies</Filter>
    </ClCompile>
    <ClCompile Include="MagnitZone.cpp">
      <Filter>Enemies</Filter>
    </ClCompile>
    <ClCompile Include="BigStone.cpp">
      <Filter>Ammo</Filter>
    </ClCompile>
    <ClCompile Include="AudioController.cpp">
      <Filter>Audio</Filter>
    </ClCompile>
    <ClCompile Include="PlayerStrategyContext.cpp" />
  </ItemGroup>
  <ItemGroup>
    <ClInclude Include="CustomExtensions.h" />
    <ClInclude Include="headers.h" />
    <ClInclude Include="PlayerShoot.h">
      <Filter>Players</Filter>
    </ClInclude>
    <ClInclude Include="PlayerMelee.h">
      <Filter>Players</Filter>
    </ClInclude>
    <ClInclude Include="PlayerController.h">
      <Filter>Players</Filter>
    </ClInclude>
    <ClInclude Include="PlayerData.h">
      <Filter>Players</Filter>
    </ClInclude>
    <ClInclude Include="PlayerProduce.h">
      <Filter>Players</Filter>
    </ClInclude>
    <ClInclude Include="PlayersContainer.h">
      <Filter>Players</Filter>
    </ClInclude>
    <ClInclude Include="ProducePlayerShoot.h">
      <Filter>Players</Filter>
    </ClInclude>
    <ClInclude Include="ProducePlayerMelee.h">
      <Filter>Players</Filter>
    </ClInclude>
    <ClInclude Include="IPlayer.h">
      <Filter>Players</Filter>
    </ClInclude>
    <ClInclude Include="BatAI.h">
      <Filter>Enemies</Filter>
    </ClInclude>
    <ClInclude Include="Enemies.h">
      <Filter>Enemies</Filter>
    </ClInclude>
    <ClInclude Include="Enemy.h">
      <Filter>Enemies</Filter>
    </ClInclude>
    <ClInclude Include="EnemyData.h">
      <Filter>Enemies</Filter>
    </ClInclude>
    <ClInclude Include="FlowerAI.h">
      <Filter>Enemies</Filter>
    </ClInclude>
    <ClInclude Include="SlimeAI.h">
      <Filter>Enemies</Filter>
    </ClInclude>
    <ClInclude Include="SpiderAI.h">
      <Filter>Enemies</Filter>
    </ClInclude>
    <ClInclude Include="StatueMeleeAI.h">
      <Filter>Enemies</Filter>
    </ClInclude>
    <ClInclude Include="StatueShootAI.h">
      <Filter>Enemies</Filter>
    </ClInclude>
    <ClInclude Include="FadeAnimation.h">
      <Filter>UI</Filter>
    </ClInclude>
    <ClInclude Include="MenuButtons.h">
      <Filter>UI</Filter>
    </ClInclude>
    <ClInclude Include="Preloader.h">
      <Filter>UI</Filter>
    </ClInclude>
    <ClInclude Include="Bullet.h">
      <Filter>Ammo</Filter>
    </ClInclude>
    <ClInclude Include="Sword.h">
      <Filter>Ammo</Filter>
    </ClInclude>
    <ClInclude Include="Item.h">
      <Filter>Items</Filter>
    </ClInclude>
    <ClInclude Include="ItemGenerator.h">
      <Filter>Items</Filter>
    </ClInclude>
    <ClInclude Include="ItemsContainer.h">
      <Filter>Items</Filter>
    </ClInclude>
    <ClInclude Include="ReviveZone.h">
      <Filter>Revive</Filter>
    </ClInclude>
    <ClInclude Include="InputReviveManager.h">
      <Filter>Revive</Filter>
    </ClInclude>
    <ClInclude Include="Spike.h">
      <Filter>Enemies</Filter>
    </ClInclude>
    <ClInclude Include="CameraController.h">
      <Filter>Level</Filter>
    </ClInclude>
    <ClInclude Include="ExitHandler.h">
      <Filter>Level</Filter>
    </ClInclude>
    <ClInclude Include="ParticlesDestroyer.h">
      <Filter>Level</Filter>
    </ClInclude>
    <ClInclude Include="RoomStats.h">
      <Filter>Level</Filter>
    </ClInclude>
    <ClInclude Include="SpawnEnemyController.h">
      <Filter>Level</Filter>
    </ClInclude>
    <ClInclude Include="AudioEffect.h">
      <Filter>Audio</Filter>
    </ClInclude>
    <ClInclude Include="Room.h">
      <Filter>Genetation</Filter>
    </ClInclude>
    <ClInclude Include="LevelGenerator.h">
      <Filter>Genetation</Filter>
    </ClInclude>
    <ClInclude Include="AudioEffect.h">
      <Filter>Audio</Filter>
    </ClInclude>
    <ClInclude Include="AudioController.h">
      <Filter>Audio</Filter>
    </ClInclude>
    <ClInclude Include="BigStone.h">
      <Filter>Level</Filter>
    </ClInclude>
    <ClInclude Include="Key.h">
      <Filter>Level</Filter>
    </ClInclude>
    <ClInclude Include="EnemyPrice.h">
      <Filter>Enemies</Filter>
    </ClInclude>
    <ClInclude Include="MagnitZone.h">
      <Filter>Enemies</Filter>
    </ClInclude>
    <ClInclude Include="BigStone.h">
      <Filter>Ammo</Filter>
    </ClInclude>
    <ClInclude Include="AudioController.h">
      <Filter>Audio</Filter>
    </ClInclude>
    <ClInclude Include="ExitHandler.h">
      <Filter>Level</Filter>
    </ClInclude>
    <ClInclude Include="MenuButtons.h">
      <Filter>UI</Filter>
    </ClInclude>
    <ClInclude Include="Preloader.h">
      <Filter>UI</Filter>
    </ClInclude>
    <ClInclude Include="ParticlesDestroyer.h">
      <Filter>Level</Filter>
    </ClInclude>
    <ClInclude Include="PlayerStrategyContext.h" />
  </ItemGroup>
  <ItemGroup>
    <Filter Include="Players">
      <UniqueIdentifier>{ea28035e-d84d-4f7e-882a-8df61ce380cb}</UniqueIdentifier>
    </Filter>
    <Filter Include="Enemies">
      <UniqueIdentifier>{dc186e4b-462e-4ed5-a530-5de0bf36d476}</UniqueIdentifier>
    </Filter>
    <Filter Include="UI">
      <UniqueIdentifier>{bc8ab710-a43a-4032-813e-d5c3c9089446}</UniqueIdentifier>
    </Filter>
    <Filter Include="Ammo">
      <UniqueIdentifier>{27c78630-821a-442c-8d51-b96d342f7370}</UniqueIdentifier>
    </Filter>
    <Filter Include="Items">
      <UniqueIdentifier>{4dc268e3-a1cf-4dca-8dff-566b39ac43d4}</UniqueIdentifier>
    </Filter>
    <Filter Include="Revive">
      <UniqueIdentifier>{66ac8a5f-293c-464e-ac70-d385d05fc8ce}</UniqueIdentifier>
    </Filter>
    <Filter Include="Level">
      <UniqueIdentifier>{1ac97b58-7881-4e1c-af04-65cb878bbea4}</UniqueIdentifier>
    </Filter>
    <Filter Include="Audio">
      <UniqueIdentifier>{bb5c4f92-65f2-4c94-b1cd-546ee213d807}</UniqueIdentifier>
    </Filter>
    <Filter Include="Genetation">
      <UniqueIdentifier>{599ab0d3-6352-475c-8a1c-15d8323a3b93}</UniqueIdentifier>
    </Filter>
  </ItemGroup>
</Project>