<?xml version="1.0" encoding="utf-8"?>
<Project ToolsVersion="4.0" xmlns="http://schemas.microsoft.com/developer/msbuild/2003">
  <ItemGroup>
    <ClCompile Include="Bullet.cpp" />
    <ClCompile Include="CameraController.cpp" />
    <ClCompile Include="Enemy.cpp" />
    <ClCompile Include="EnemyAIContext.cpp" />
    <ClCompile Include="FlowerAI.cpp" />
    <ClCompile Include="GodotLibrary.cpp" />
    <ClCompile Include="IPlayer.cpp" />
    <ClCompile Include="Player1.cpp" />
    <ClCompile Include="Player2.cpp" />
    <ClCompile Include="PlayerController.cpp" />
    <ClCompile Include="PlayerData.cpp" />
    <ClCompile Include="ProducePlayer1.cpp" />
    <ClCompile Include="ProducePlayer2.cpp" />
    <ClCompile Include="Spike.cpp" />
    <ClCompile Include="Sword.cpp" />
    <ClCompile Include="MenuButtons.cpp" />
    <ClCompile Include="ClosedRoom.cpp" />
    <ClCompile Include="CustomExtensions.cpp" />
    <ClCompile Include="Destroyer.cpp" />
    <ClCompile Include="Door.cpp" />
    <ClCompile Include="Enemies.cpp" />
    <ClCompile Include="Generation.cpp" />
    <ClCompile Include="Room.cpp" />
    <ClCompile Include="SpawnEnemyController.cpp" />
    <ClCompile Include="SpawnPointChecker.cpp" />
    <ClCompile Include="SpiderAI.cpp" />
    <ClCompile Include="BatAI.cpp" />
    <ClCompile Include="EnemySideChecker.cpp" />
    <ClCompile Include="InputReviveManager.cpp" />
    <ClCompile Include="Item.cpp" />
    <ClCompile Include="ItemGenerator.cpp" />
    <ClCompile Include="ItemsContainer.cpp" />
    <ClCompile Include="ReviveZone.cpp" />
    <ClCompile Include="SlimeAI.cpp" />
    <ClCompile Include="StatueMeleeAI.cpp" />
    <ClCompile Include="StatueShootAI.cpp" />
  </ItemGroup>
  <ItemGroup>
    <ClInclude Include="Bullet.h" />
    <ClInclude Include="CameraController.h" />
    <ClInclude Include="Enemy.h" />
    <ClInclude Include="FlowerAI.h" />
    <ClInclude Include="headers.h" />
    <ClInclude Include="IPlayer.h" />
    <ClInclude Include="Player1.h" />
    <ClInclude Include="Player2.h" />
    <ClInclude Include="PlayerController.h" />
    <ClInclude Include="PlayerData.h" />
    <ClInclude Include="PlayerProduce.h" />
    <ClInclude Include="ProducePlayer1.h" />
    <ClInclude Include="ProducePlayer2.h" />
    <ClInclude Include="Spike.h" />
    <ClInclude Include="Sword.h" />
    <ClInclude Include="MenuButtons.h" />
    <ClInclude Include="ClosedRoom.h" />
    <ClInclude Include="CustomExtensions.h" />
    <ClInclude Include="Destroyer.h" />
    <ClInclude Include="Door.h" />
    <ClInclude Include="Enemies.h" />
    <ClInclude Include="Generation.h" />
    <ClInclude Include="Room.h" />
    <ClInclude Include="SpawnEnemyController.h" />
    <ClInclude Include="SpawnPointChecker.h" />
    <ClInclude Include="SpiderAI.h" />
    <ClInclude Include="BatAI.h" />
    <ClInclude Include="EnemySideChecker.h" />
    <ClInclude Include="InputReviveManager.h" />
    <ClInclude Include="Item.h" />
    <ClInclude Include="ItemGenerator.h" />
    <ClInclude Include="ItemsContainer.h" />
    <ClInclude Include="ReviveZone.h" />
    <ClInclude Include="SlimeAI.h" />
    <ClInclude Include="StatueMeleeAI.h" />
    <ClInclude Include="StatueShootAI.h" />
  </ItemGroup>
</Project>